%{
  "git_cli": {:hex, :git_cli, "0.2.5", "40673235d088d2784d4e03511e62cac2ef520495cb6cc459f00b4e13aaf0fbf4", [:mix], [], "hexpm"},
  "version_tasks": {:hex, :version_tasks, "0.11.3", "b44c4d99f6af76f69b45e36fec87646f6036d362c0902d04e035889a5f280241", [:mix], [{:git_cli, "~> 0.2", [hex: :git_cli, repo: "hexpm", optional: false]}], "hexpm"},
}
